// !$*UTF8*$!
{
	archiveVersion = 1;
	classes = {
	};
	objectVersion = 46;
	objects = {

/* Begin PBXBuildFile section */
		C6CA24231A1BDC5D003A0521 /* AppDelegate.swift in Sources */ = {isa = PBXBuildFile; fileRef = C6CA24221A1BDC5D003A0521 /* AppDelegate.swift */; };
		C6CA24251A1BDC5D003A0521 /* ViewController.swift in Sources */ = {isa = PBXBuildFile; fileRef = C6CA24241A1BDC5D003A0521 /* ViewController.swift */; };
		C6CA24271A1BDC5D003A0521 /* Images.xcassets in Resources */ = {isa = PBXBuildFile; fileRef = C6CA24261A1BDC5D003A0521 /* Images.xcassets */; };
		C6CA242A1A1BDC5D003A0521 /* Main.storyboard in Resources */ = {isa = PBXBuildFile; fileRef = C6CA24281A1BDC5D003A0521 /* Main.storyboard */; };
		C6CA24361A1BDC5D003A0521 /* GameboyTests.swift in Sources */ = {isa = PBXBuildFile; fileRef = C6CA24351A1BDC5D003A0521 /* GameboyTests.swift */; };
/* End PBXBuildFile section */

/* Begin PBXContainerItemProxy section */
		C6CA24301A1BDC5D003A0521 /* PBXContainerItemProxy */ = {
			isa = PBXContainerItemProxy;
			containerPortal = C6CA24151A1BDC5D003A0521 /* Project object */;
			proxyType = 1;
			remoteGlobalIDString = C6CA241C1A1BDC5D003A0521;
			remoteInfo = Gameboy;
		};
/* End PBXContainerItemProxy section */

/* Begin PBXFileReference section */
		C6CA241D1A1BDC5D003A0521 /* Gameboy.app */ = {isa = PBXFileReference; explicitFileType = wrapper.application; includeInIndex = 0; path = Gameboy.app; sourceTree = BUILT_PRODUCTS_DIR; };
		C6CA24211A1BDC5D003A0521 /* Info.plist */ = {isa = PBXFileReference; lastKnownFileType = text.plist.xml; path = Info.plist; sourceTree = "<group>"; };
		C6CA24221A1BDC5D003A0521 /* AppDelegate.swift */ = {isa = PBXFileReference; lastKnownFileType = sourcecode.swift; path = AppDelegate.swift; sourceTree = "<group>"; };
		C6CA24241A1BDC5D003A0521 /* ViewController.swift */ = {isa = PBXFileReference; lastKnownFileType = sourcecode.swift; path = ViewController.swift; sourceTree = "<group>"; };
		C6CA24261A1BDC5D003A0521 /* Images.xcassets */ = {isa = PBXFileReference; lastKnownFileType = folder.assetcatalog; path = Images.xcassets; sourceTree = "<group>"; };
		C6CA24291A1BDC5D003A0521 /* Base */ = {isa = PBXFileReference; lastKnownFileType = file.storyboard; name = Base; path = Base.lproj/Main.storyboard; sourceTree = "<group>"; };
		C6CA242F1A1BDC5D003A0521 /* GameboyTests.xctest */ = {isa = PBXFileReference; explicitFileType = wrapper.cfbundle; includeInIndex = 0; path = GameboyTests.xctest; sourceTree = BUILT_PRODUCTS_DIR; };
		C6CA24341A1BDC5D003A0521 /* Info.plist */ = {isa = PBXFileReference; lastKnownFileType = text.plist.xml; path = Info.plist; sourceTree = "<group>"; };
		C6CA24351A1BDC5D003A0521 /* GameboyTests.swift */ = {isa = PBXFileReference; lastKnownFileType = sourcecode.swift; path = GameboyTests.swift; sourceTree = "<group>"; };
/* End PBXFileReference section */

/* Begin PBXFrameworksBuildPhase section */
		C6CA241A1A1BDC5D003A0521 /* Frameworks */ = {
			isa = PBXFrameworksBuildPhase;
			buildActionMask = 2147483647;
			files = (
			);
			runOnlyForDeploymentPostprocessing = 0;
		};
		C6CA242C1A1BDC5D003A0521 /* Frameworks */ = {
			isa = PBXFrameworksBuildPhase;
			buildActionMask = 2147483647;
			files = (
			);
			runOnlyForDeploymentPostprocessing = 0;
		};
/* End PBXFrameworksBuildPhase section */

/* Begin PBXGroup section */
		C6CA24141A1BDC5D003A0521 = {
			isa = PBXGroup;
			children = (
				C6CA241F1A1BDC5D003A0521 /* Gameboy */,
				C6CA24321A1BDC5D003A0521 /* GameboyTests */,
				C6CA241E1A1BDC5D003A0521 /* Products */,
			);
			sourceTree = "<group>";
		};
		C6CA241E1A1BDC5D003A0521 /* Products */ = {
			isa = PBXGroup;
			children = (
				C6CA241D1A1BDC5D003A0521 /* Gameboy.app */,
				C6CA242F1A1BDC5D003A0521 /* GameboyTests.xctest */,
			);
			name = Products;
			sourceTree = "<group>";
		};
		C6CA241F1A1BDC5D003A0521 /* Gameboy */ = {
			isa = PBXGroup;
			children = (
				C6CA24221A1BDC5D003A0521 /* AppDelegate.swift */,
				C6CA24241A1BDC5D003A0521 /* ViewController.swift */,
				C6CA24261A1BDC5D003A0521 /* Images.xcassets */,
				C6CA24281A1BDC5D003A0521 /* Main.storyboard */,
				C6CA24201A1BDC5D003A0521 /* Supporting Files */,
			);
			path = Gameboy;
			sourceTree = "<group>";
		};
		C6CA24201A1BDC5D003A0521 /* Supporting Files */ = {
			isa = PBXGroup;
			children = (
				C6CA24211A1BDC5D003A0521 /* Info.plist */,
			);
			name = "Supporting Files";
			sourceTree = "<group>";
		};
		C6CA24321A1BDC5D003A0521 /* GameboyTests */ = {
			isa = PBXGroup;
			children = (
				C6CA24351A1BDC5D003A0521 /* GameboyTests.swift */,
				C6CA24331A1BDC5D003A0521 /* Supporting Files */,
			);
			path = GameboyTests;
			sourceTree = "<group>";
		};
		C6CA24331A1BDC5D003A0521 /* Supporting Files */ = {
			isa = PBXGroup;
			children = (
				C6CA24341A1BDC5D003A0521 /* Info.plist */,
			);
			name = "Supporting Files";
			sourceTree = "<group>";
		};
/* End PBXGroup section */

/* Begin PBXNativeTarget section */
		C6CA241C1A1BDC5D003A0521 /* Gameboy */ = {
			isa = PBXNativeTarget;
			buildConfigurationList = C6CA24391A1BDC5D003A0521 /* Build configuration list for PBXNativeTarget "Gameboy" */;
			buildPhases = (
				C6CA24191A1BDC5D003A0521 /* Sources */,
				C6CA241A1A1BDC5D003A0521 /* Frameworks */,
				C6CA241B1A1BDC5D003A0521 /* Resources */,
			);
			buildRules = (
			);
			dependencies = (
			);
			name = Gameboy;
			productName = Gameboy;
			productReference = C6CA241D1A1BDC5D003A0521 /* Gameboy.app */;
			productType = "com.apple.product-type.application";
		};
		C6CA242E1A1BDC5D003A0521 /* GameboyTests */ = {
			isa = PBXNativeTarget;
			buildConfigurationList = C6CA243C1A1BDC5D003A0521 /* Build configuration list for PBXNativeTarget "GameboyTests" */;
			buildPhases = (
				C6CA242B1A1BDC5D003A0521 /* Sources */,
				C6CA242C1A1BDC5D003A0521 /* Frameworks */,
				C6CA242D1A1BDC5D003A0521 /* Resources */,
			);
			buildRules = (
			);
			dependencies = (
				C6CA24311A1BDC5D003A0521 /* PBXTargetDependency */,
			);
			name = GameboyTests;
			productName = GameboyTests;
			productReference = C6CA242F1A1BDC5D003A0521 /* GameboyTests.xctest */;
			productType = "com.apple.product-type.bundle.unit-test";
		};
/* End PBXNativeTarget section */

/* Begin PBXProject section */
		C6CA24151A1BDC5D003A0521 /* Project object */ = {
			isa = PBXProject;
			attributes = {
				LastUpgradeCheck = 0610;
				ORGANIZATIONNAME = "Kyle Bernstein";
				TargetAttributes = {
					C6CA241C1A1BDC5D003A0521 = {
						CreatedOnToolsVersion = 6.1;
					};
					C6CA242E1A1BDC5D003A0521 = {
						CreatedOnToolsVersion = 6.1;
						TestTargetID = C6CA241C1A1BDC5D003A0521;
					};
				};
			};
			buildConfigurationList = C6CA24181A1BDC5D003A0521 /* Build configuration list for PBXProject "Gameboy" */;
			compatibilityVersion = "Xcode 3.2";
			developmentRegion = English;
			hasScannedForEncodings = 0;
			knownRegions = (
				en,
				Base,
			);
			mainGroup = C6CA24141A1BDC5D003A0521;
			productRefGroup = C6CA241E1A1BDC5D003A0521 /* Products */;
			projectDirPath = "";
			projectRoot = "";
			targets = (
				C6CA241C1A1BDC5D003A0521 /* Gameboy */,
				C6CA242E1A1BDC5D003A0521 /* GameboyTests */,
			);
		};
/* End PBXProject section */

/* Begin PBXResourcesBuildPhase section */
		C6CA241B1A1BDC5D003A0521 /* Resources */ = {
			isa = PBXResourcesBuildPhase;
			buildActionMask = 2147483647;
			files = (
				C6CA24271A1BDC5D003A0521 /* Images.xcassets in Resources */,
				C6CA242A1A1BDC5D003A0521 /* Main.storyboard in Resources */,
			);
			runOnlyForDeploymentPostprocessing = 0;
		};
		C6CA242D1A1BDC5D003A0521 /* Resources */ = {
			isa = PBXResourcesBuildPhase;
			buildActionMask = 2147483647;
			files = (
			);
			runOnlyForDeploymentPostprocessing = 0;
		};
/* End PBXResourcesBuildPhase section */

/* Begin PBXSourcesBuildPhase section */
		C6CA24191A1BDC5D003A0521 /* Sources */ = {
			isa = PBXSourcesBuildPhase;
			buildActionMask = 2147483647;
			files = (
				C6CA24251A1BDC5D003A0521 /* ViewController.swift in Sources */,
				C6CA24231A1BDC5D003A0521 /* AppDelegate.swift in Sources */,
			);
			runOnlyForDeploymentPostprocessing = 0;
		};
		C6CA242B1A1BDC5D003A0521 /* Sources */ = {
			isa = PBXSourcesBuildPhase;
			buildActionMask = 2147483647;
			files = (
				C6CA24361A1BDC5D003A0521 /* GameboyTests.swift in Sources */,
			);
			runOnlyForDeploymentPostprocessing = 0;
		};
/* End PBXSourcesBuildPhase section */

/* Begin PBXTargetDependency section */
		C6CA24311A1BDC5D003A0521 /* PBXTargetDependency */ = {
			isa = PBXTargetDependency;
			target = C6CA241C1A1BDC5D003A0521 /* Gameboy */;
			targetProxy = C6CA24301A1BDC5D003A0521 /* PBXContainerItemProxy */;
		};
/* End PBXTargetDependency section */

/* Begin PBXVariantGroup section */
		C6CA24281A1BDC5D003A0521 /* Main.storyboard */ = {
			isa = PBXVariantGroup;
			children = (
				C6CA24291A1BDC5D003A0521 /* Base */,
			);
			name = Main.storyboard;
			sourceTree = "<group>";
		};
/* End PBXVariantGroup section */

/* Begin XCBuildConfiguration section */
		C6CA24371A1BDC5D003A0521 /* Debug */ = {
			isa = XCBuildConfiguration;
			buildSettings = {
				ALWAYS_SEARCH_USER_PATHS = NO;
				CLANG_CXX_LANGUAGE_STANDARD = "gnu++0x";
				CLANG_CXX_LIBRARY = "libc++";
				CLANG_ENABLE_MODULES = YES;
				CLANG_ENABLE_OBJC_ARC = YES;
				CLANG_WARN_BOOL_CONVERSION = YES;
				CLANG_WARN_CONSTANT_CONVERSION = YES;
				CLANG_WARN_DIRECT_OBJC_ISA_USAGE = YES_ERROR;
				CLANG_WARN_EMPTY_BODY = YES;
				CLANG_WARN_ENUM_CONVERSION = YES;
				CLANG_WARN_INT_CONVERSION = YES;
				CLANG_WARN_OBJC_ROOT_CLASS = YES_ERROR;
				CLANG_WARN_UNREACHABLE_CODE = YES;
				CLANG_WARN__DUPLICATE_METHOD_MATCH = YES;
				CODE_SIGN_IDENTITY = "-";
				COPY_PHASE_STRIP = NO;
				ENABLE_STRICT_OBJC_MSGSEND = YES;
				GCC_C_LANGUAGE_STANDARD = gnu99;
				GCC_DYNAMIC_NO_PIC = NO;
				GCC_OPTIMIZATION_LEVEL = 0;
				GCC_PREPROCESSOR_DEFINITIONS = (
					"DEBUG=1",
					"$(inherited)",
				);
				GCC_SYMBOLS_PRIVATE_EXTERN = NO;
				GCC_WARN_64_TO_32_BIT_CONVERSION = YES;
				GCC_WARN_ABOUT_RETURN_TYPE = YES_ERROR;
				GCC_WARN_UNDECLARED_SELECTOR = YES;
				GCC_WARN_UNINITIALIZED_AUTOS = YES_AGGRESSIVE;
				GCC_WARN_UNUSED_FUNCTION = YES;
				GCC_WARN_UNUSED_VARIABLE = YES;
				MACOSX_DEPLOYMENT_TARGET = 10.10;
				MTL_ENABLE_DEBUG_INFO = YES;
				ONLY_ACTIVE_ARCH = YES;
				SDKROOT = macosx;
				SWIFT_OPTIMIZATION_LEVEL = "-Onone";
			};
			name = Debug;
		};
		C6CA24381A1BDC5D003A0521 /* Release */ = {
			isa = XCBuildConfiguration;
			buildSettings = {
				ALWAYS_SEARCH_USER_PATHS = NO;
				CLANG_CXX_LANGUAGE_STANDARD = "gnu++0x";
				CLANG_CXX_LIBRARY = "libc++";
				CLANG_ENABLE_MODULES = YES;
				CLANG_ENABLE_OBJC_ARC = YES;
				CLANG_WARN_BOOL_CONVERSION = YES;
				CLANG_WARN_CONSTANT_CONVERSION = YES;
				CLANG_WARN_DIRECT_OBJC_ISA_USAGE = YES_ERROR;
				CLANG_WARN_EMPTY_BODY = YES;
				CLANG_WARN_ENUM_CONVERSION = YES;
				CLANG_WARN_INT_CONVERSION = YES;
				CLANG_WARN_OBJC_ROOT_CLASS = YES_ERROR;
				CLANG_WARN_UNREACHABLE_CODE = YES;
				CLANG_WARN__DUPLICATE_METHOD_MATCH = YES;
				CODE_SIGN_IDENTITY = "-";
				COPY_PHASE_STRIP = YES;
				DEBUG_INFORMATION_FORMAT = "dwarf-with-dsym";
				ENABLE_NS_ASSERTIONS = NO;
				ENABLE_STRICT_OBJC_MSGSEND = YES;
				GCC_C_LANGUAGE_STANDARD = gnu99;
				GCC_WARN_64_TO_32_BIT_CONVERSION = YES;
				GCC_WARN_ABOUT_RETURN_TYPE = YES_ERROR;
				GCC_WARN_UNDECLARED_SELECTOR = YES;
				GCC_WARN_UNINITIALIZED_AUTOS = YES_AGGRESSIVE;
				GCC_WARN_UNUSED_FUNCTION = YES;
				GCC_WARN_UNUSED_VARIABLE = YES;
				MACOSX_DEPLOYMENT_TARGET = 10.10;
				MTL_ENABLE_DEBUG_INFO = NO;
				SDKROOT = macosx;
			};
			name = Release;
		};
		C6CA243A1A1BDC5D003A0521 /* Debug */ = {
			isa = XCBuildConfiguration;
			buildSettings = {
				ASSETCATALOG_COMPILER_APPICON_NAME = AppIcon;
				COMBINE_HIDPI_IMAGES = YES;
				INFOPLIST_FILE = Gameboy/Info.plist;
				LD_RUNPATH_SEARCH_PATHS = "$(inherited) @executable_path/../Frameworks";
				PRODUCT_NAME = "$(TARGET_NAME)";
			};
			name = Debug;
		};
		C6CA243B1A1BDC5D003A0521 /* Release */ = {
			isa = XCBuildConfiguration;
			buildSettings = {
				ASSETCATALOG_COMPILER_APPICON_NAME = AppIcon;
				COMBINE_HIDPI_IMAGES = YES;
				INFOPLIST_FILE = Gameboy/Info.plist;
				LD_RUNPATH_SEARCH_PATHS = "$(inherited) @executable_path/../Frameworks";
				PRODUCT_NAME = "$(TARGET_NAME)";
			};
			name = Release;
		};
		C6CA243D1A1BDC5D003A0521 /* Debug */ = {
			isa = XCBuildConfiguration;
			buildSettings = {
				BUNDLE_LOADER = "$(TEST_HOST)";
				COMBINE_HIDPI_IMAGES = YES;
				FRAMEWORK_SEARCH_PATHS = (
					"$(DEVELOPER_FRAMEWORKS_DIR)",
					"$(inherited)",
				);
				GCC_PREPROCESSOR_DEFINITIONS = (
					"DEBUG=1",
					"$(inherited)",
				);
				INFOPLIST_FILE = GameboyTests/Info.plist;
				LD_RUNPATH_SEARCH_PATHS = "$(inherited) @executable_path/../Frameworks @loader_path/../Frameworks";
				PRODUCT_NAME = "$(TARGET_NAME)";
				TEST_HOST = "$(BUILT_PRODUCTS_DIR)/Gameboy.app/Contents/MacOS/Gameboy";
			};
			name = Debug;
		};
		C6CA243E1A1BDC5D003A0521 /* Release */ = {
			isa = XCBuildConfiguration;
			buildSettings = {
				BUNDLE_LOADER = "$(TEST_HOST)";
				COMBINE_HIDPI_IMAGES = YES;
				FRAMEWORK_SEARCH_PATHS = (
					"$(DEVELOPER_FRAMEWORKS_DIR)",
					"$(inherited)",
				);
				INFOPLIST_FILE = GameboyTests/Info.plist;
				LD_RUNPATH_SEARCH_PATHS = "$(inherited) @executable_path/../Frameworks @loader_path/../Frameworks";
				PRODUCT_NAME = "$(TARGET_NAME)";
				TEST_HOST = "$(BUILT_PRODUCTS_DIR)/Gameboy.app/Contents/MacOS/Gameboy";
			};
			name = Release;
		};
/* End XCBuildConfiguration section */

/* Begin XCConfigurationList section */
		C6CA24181A1BDC5D003A0521 /* Build configuration list for PBXProject "Gameboy" */ = {
			isa = XCConfigurationList;
			buildConfigurations = (
				C6CA24371A1BDC5D003A0521 /* Debug */,
				C6CA24381A1BDC5D003A0521 /* Release */,
			);
			defaultConfigurationIsVisible = 0;
			defaultConfigurationName = Release;
		};
		C6CA24391A1BDC5D003A0521 /* Build configuration list for PBXNativeTarget "Gameboy" */ = {
			isa = XCConfigurationList;
			buildConfigurations = (
				C6CA243A1A1BDC5D003A0521 /* Debug */,
				C6CA243B1A1BDC5D003A0521 /* Release */,
			);
			defaultConfigurationIsVisible = 0;
		};
		C6CA243C1A1BDC5D003A0521 /* Build configuration list for PBXNativeTarget "GameboyTests" */ = {
			isa = XCConfigurationList;
			buildConfigurations = (
				C6CA243D1A1BDC5D003A0521 /* Debug */,
				C6CA243E1A1BDC5D003A0521 /* Release */,
			);
			defaultConfigurationIsVisible = 0;
		};
/* End XCConfigurationList section */
	};
	rootObject = C6CA24151A1BDC5D003A0521 /* Project object */;
}
